
Microsoft Visual Studio Solution File, Format Version 12.00
# Visual Studio Version 17
VisualStudioVersion = 17.3.32804.467
MinimumVisualStudioVersion = 10.0.40219.1
Project("{9A19103F-16F7-4668-BE54-9A1E7A4F7556}") = "MyFirstConsoleApp", "MyFirstConsoleApp\MyFirstConsoleApp.csproj", "{BA031D70-8704-4DC0-BAFD-C9FB0191770C}"
EndProject
Project("{9A19103F-16F7-4668-BE54-9A1E7A4F7556}") = "LabsAndRef", "LabsAndRef\LabsAndRef.csproj", "{8E9E37F4-129B-40B5-8FA4-4D46E1C3D9CE}"
EndProject
Project("{9A19103F-16F7-4668-BE54-9A1E7A4F7556}") = "MySecondConsoleApp", "MySecondConsoleApp\MySecondConsoleApp.csproj", "{92D4859A-5146-4427-9A30-E9B9873B7976}"
EndProject
Project("{9A19103F-16F7-4668-BE54-9A1E7A4F7556}") = "CalculateSimpleInterest", "CalculateSimpleInterest\CalculateSimpleInterest.csproj", "{3B0C509E-B349-46C6-8102-C6A215FCB0AF}"
EndProject
Project("{2150E333-8FDC-42A3-9474-1A3956D46DE8}") = "Language Fundamentals", "Language Fundamentals", "{50831926-7A8F-41C4-8E05-0A8900DBFEE0}"
EndProject
Project("{FAE04EC0-301F-11D3-BF4B-00C04F79EFBC}") = "LanguageFundamentalsDemo1", "LanguageFundamentalsDemo1\LanguageFundamentalsDemo1.csproj", "{9FB67309-D700-4E4A-AD1A-5F37BB9D1DD2}"
EndProject
Project("{2150E333-8FDC-42A3-9474-1A3956D46DE8}") = "My Simple Calculator", "My Simple Calculator", "{D7BDBB5A-F2E2-4670-9AD0-02A56FC25AAC}"
EndProject
Project("{FAE04EC0-301F-11D3-BF4B-00C04F79EFBC}") = "MySimpleCalculatorConsoleApp", "MySimpleCalculatorConsoleApp\MySimpleCalculatorConsoleApp.csproj", "{4EBF55AC-8860-4D04-92C2-F61551131E5B}"
EndProject
Project("{2150E333-8FDC-42A3-9474-1A3956D46DE8}") = "Presentation Layer", "Presentation Layer", "{C2767EB8-BA17-4247-88EB-A9160518C0FA}"
EndProject
Project("{2150E333-8FDC-42A3-9474-1A3956D46DE8}") = "Business Layer", "Business Layer", "{2BD2BE9A-F5A5-4C48-B8E5-E7E44C17AB47}"
EndProject
Project("{FAE04EC0-301F-11D3-BF4B-00C04F79EFBC}") = "SimpleCalculatorLibrary", "SimpleCalculatorLibrary\SimpleCalculatorLibrary.csproj", "{A4559C23-7C82-43B4-BF50-FA7B724F52BD}"
EndProject
Project("{FAE04EC0-301F-11D3-BF4B-00C04F79EFBC}") = "SimpleCalcualtorWinFormsApp", "SimpleCalcualtorWinFormsApp\SimpleCalcualtorWinFormsApp.csproj", "{9E44A6C3-909B-40BF-8CF3-CBA7BB62D134}"
EndProject
Project("{2150E333-8FDC-42A3-9474-1A3956D46DE8}") = "OO Programming", "OO Programming", "{AF8F695E-506B-496B-8A14-56B09A52E9CF}"
EndProject
Project("{FAE04EC0-301F-11D3-BF4B-00C04F79EFBC}") = "TrainerTraineeConsoleApp", "TrainerTraineeConsoleApp\TrainerTraineeConsoleApp.csproj", "{510AEE62-7A7A-4C75-856B-DF028B86C7FD}"
EndProject
Global
	GlobalSection(SolutionConfigurationPlatforms) = preSolution
		Debug|Any CPU = Debug|Any CPU
		Release|Any CPU = Release|Any CPU
	EndGlobalSection
	GlobalSection(ProjectConfigurationPlatforms) = postSolution
		{BA031D70-8704-4DC0-BAFD-C9FB0191770C}.Debug|Any CPU.ActiveCfg = Debug|Any CPU
		{BA031D70-8704-4DC0-BAFD-C9FB0191770C}.Debug|Any CPU.Build.0 = Debug|Any CPU
		{BA031D70-8704-4DC0-BAFD-C9FB0191770C}.Release|Any CPU.ActiveCfg = Release|Any CPU
		{BA031D70-8704-4DC0-BAFD-C9FB0191770C}.Release|Any CPU.Build.0 = Release|Any CPU
		{8E9E37F4-129B-40B5-8FA4-4D46E1C3D9CE}.Debug|Any CPU.ActiveCfg = Debug|Any CPU
		{8E9E37F4-129B-40B5-8FA4-4D46E1C3D9CE}.Debug|Any CPU.Build.0 = Debug|Any CPU
		{8E9E37F4-129B-40B5-8FA4-4D46E1C3D9CE}.Release|Any CPU.ActiveCfg = Release|Any CPU
		{8E9E37F4-129B-40B5-8FA4-4D46E1C3D9CE}.Release|Any CPU.Build.0 = Release|Any CPU
		{92D4859A-5146-4427-9A30-E9B9873B7976}.Debug|Any CPU.ActiveCfg = Debug|Any CPU
		{92D4859A-5146-4427-9A30-E9B9873B7976}.Debug|Any CPU.Build.0 = Debug|Any CPU
		{92D4859A-5146-4427-9A30-E9B9873B7976}.Release|Any CPU.ActiveCfg = Release|Any CPU
		{92D4859A-5146-4427-9A30-E9B9873B7976}.Release|Any CPU.Build.0 = Release|Any CPU
		{3B0C509E-B349-46C6-8102-C6A215FCB0AF}.Debug|Any CPU.ActiveCfg = Debug|Any CPU
		{3B0C509E-B349-46C6-8102-C6A215FCB0AF}.Debug|Any CPU.Build.0 = Debug|Any CPU
		{3B0C509E-B349-46C6-8102-C6A215FCB0AF}.Release|Any CPU.ActiveCfg = Release|Any CPU
		{3B0C509E-B349-46C6-8102-C6A215FCB0AF}.Release|Any CPU.Build.0 = Release|Any CPU
		{9FB67309-D700-4E4A-AD1A-5F37BB9D1DD2}.Debug|Any CPU.ActiveCfg = Debug|Any CPU
		{9FB67309-D700-4E4A-AD1A-5F37BB9D1DD2}.Debug|Any CPU.Build.0 = Debug|Any CPU
		{9FB67309-D700-4E4A-AD1A-5F37BB9D1DD2}.Release|Any CPU.ActiveCfg = Release|Any CPU
		{9FB67309-D700-4E4A-AD1A-5F37BB9D1DD2}.Release|Any CPU.Build.0 = Release|Any CPU
		{4EBF55AC-8860-4D04-92C2-F61551131E5B}.Debug|Any CPU.ActiveCfg = Debug|Any CPU
		{4EBF55AC-8860-4D04-92C2-F61551131E5B}.Debug|Any CPU.Build.0 = Debug|Any CPU
		{4EBF55AC-8860-4D04-92C2-F61551131E5B}.Release|Any CPU.ActiveCfg = Release|Any CPU
		{4EBF55AC-8860-4D04-92C2-F61551131E5B}.Release|Any CPU.Build.0 = Release|Any CPU
		{A4559C23-7C82-43B4-BF50-FA7B724F52BD}.Debug|Any CPU.ActiveCfg = Debug|Any CPU
		{A4559C23-7C82-43B4-BF50-FA7B724F52BD}.Debug|Any CPU.Build.0 = Debug|Any CPU
		{A4559C23-7C82-43B4-BF50-FA7B724F52BD}.Release|Any CPU.ActiveCfg = Release|Any CPU
		{A4559C23-7C82-43B4-BF50-FA7B724F52BD}.Release|Any CPU.Build.0 = Release|Any CPU
		{9E44A6C3-909B-40BF-8CF3-CBA7BB62D134}.Debug|Any CPU.ActiveCfg = Debug|Any CPU
		{9E44A6C3-909B-40BF-8CF3-CBA7BB62D134}.Debug|Any CPU.Build.0 = Debug|Any CPU
		{9E44A6C3-909B-40BF-8CF3-CBA7BB62D134}.Release|Any CPU.ActiveCfg = Release|Any CPU
		{9E44A6C3-909B-40BF-8CF3-CBA7BB62D134}.Release|Any CPU.Build.0 = Release|Any CPU
		{510AEE62-7A7A-4C75-856B-DF028B86C7FD}.Debug|Any CPU.ActiveCfg = Debug|Any CPU
		{510AEE62-7A7A-4C75-856B-DF028B86C7FD}.Debug|Any CPU.Build.0 = Debug|Any CPU
		{510AEE62-7A7A-4C75-856B-DF028B86C7FD}.Release|Any CPU.ActiveCfg = Release|Any CPU
		{510AEE62-7A7A-4C75-856B-DF028B86C7FD}.Release|Any CPU.Build.0 = Release|Any CPU
	EndGlobalSection
	GlobalSection(SolutionProperties) = preSolution
		HideSolutionNode = FALSE
	EndGlobalSection
	GlobalSection(NestedProjects) = preSolution
		{9FB67309-D700-4E4A-AD1A-5F37BB9D1DD2} = {50831926-7A8F-41C4-8E05-0A8900DBFEE0}
		{4EBF55AC-8860-4D04-92C2-F61551131E5B} = {C2767EB8-BA17-4247-88EB-A9160518C0FA}
		{C2767EB8-BA17-4247-88EB-A9160518C0FA} = {D7BDBB5A-F2E2-4670-9AD0-02A56FC25AAC}
		{2BD2BE9A-F5A5-4C48-B8E5-E7E44C17AB47} = {D7BDBB5A-F2E2-4670-9AD0-02A56FC25AAC}
		{A4559C23-7C82-43B4-BF50-FA7B724F52BD} = {2BD2BE9A-F5A5-4C48-B8E5-E7E44C17AB47}
		{9E44A6C3-909B-40BF-8CF3-CBA7BB62D134} = {C2767EB8-BA17-4247-88EB-A9160518C0FA}
		{510AEE62-7A7A-4C75-856B-DF028B86C7FD} = {AF8F695E-506B-496B-8A14-56B09A52E9CF}
	EndGlobalSection
	GlobalSection(ExtensibilityGlobals) = postSolution
		SolutionGuid = {E3B501F8-E020-4EBB-8DA9-FB08AD247A1B}
	EndGlobalSection
EndGlobal
